
Microsoft Visual Studio Solution File, Format Version 12.00
# Visual Studio Version 16
VisualStudioVersion = 16.0.28729.10
MinimumVisualStudioVersion = 10.0.40219.1
Project("{F184B08F-C81C-45F6-A57F-5ABD9991F28F}") = "Pembayaran SPP Sekolah", "Pembayaran SPP Sekolah\Pembayaran SPP Sekolah.vbproj", "{18BC07A6-1080-4AF5-958D-0AABEE055EE8}"
EndProject
Global
	GlobalSection(SolutionConfigurationPlatforms) = preSolution
		Debug|Any CPU = Debug|Any CPU
		Release|Any CPU = Release|Any CPU
	EndGlobalSection
	GlobalSection(ProjectConfigurationPlatforms) = postSolution
		{18BC07A6-1080-4AF5-958D-0AABEE055EE8}.Debug|Any CPU.ActiveCfg = Debug|Any CPU
		{18BC07A6-1080-4AF5-958D-0AABEE055EE8}.Debug|Any CPU.Build.0 = Debug|Any CPU
		{18BC07A6-1080-4AF5-958D-0AABEE055EE8}.Release|Any CPU.ActiveCfg = Release|Any CPU
		{18BC07A6-1080-4AF5-958D-0AABEE055EE8}.Release|Any CPU.Build.0 = Release|Any CPU
	EndGlobalSection
	GlobalSection(SolutionProperties) = preSolution
		HideSolutionNode = FALSE
	EndGlobalSection
	GlobalSection(ExtensibilityGlobals) = postSolution
		SolutionGuid = {C8FA8E03-B497-4EB6-89EF-641FC470A3AF}
	EndGlobalSection
EndGlobal
